// !$*UTF8*$!
{
	archiveVersion = 1;
	classes = {
	};
	objectVersion = 50;
	objects = {

/* Begin PBXBuildFile section */
		68728513A2EA9856B183AA0E /* Pods_MusicTraining.framework in Frameworks */ = {isa = PBXBuildFile; fileRef = 877DAC459D9E6946D2F696B2 /* Pods_MusicTraining.framework */; };
		D911952121F1DCC8008F19B0 /* AudioNoteForInterval.swift in Sources */ = {isa = PBXBuildFile; fileRef = D911952021F1DCC8008F19B0 /* AudioNoteForInterval.swift */; };
		D911952321F20AC4008F19B0 /* Resources.swift in Sources */ = {isa = PBXBuildFile; fileRef = D911952221F20AC4008F19B0 /* Resources.swift */; };
		D913050E21F1BD9300AC928F /* IntervalTraining.swift in Sources */ = {isa = PBXBuildFile; fileRef = D913050D21F1BD9300AC928F /* IntervalTraining.swift */; };
		D91AFDCA21FAB4A500296F8D /* AudioPollingTest.swift in Sources */ = {isa = PBXBuildFile; fileRef = D91AFDC921FAB4A500296F8D /* AudioPollingTest.swift */; };
		D92EF25D21F9DB21005BE9D3 /* SightSinging.swift in Sources */ = {isa = PBXBuildFile; fileRef = D92EF25C21F9DB21005BE9D3 /* SightSinging.swift */; };
		D930D6F72205F94C00052A91 /* TMViewController.swift in Sources */ = {isa = PBXBuildFile; fileRef = D930D6F62205F94C00052A91 /* TMViewController.swift */; };
		D930D6F92205F9C600052A91 /* TMSmallScreenView.swift in Sources */ = {isa = PBXBuildFile; fileRef = D930D6F82205F9C600052A91 /* TMSmallScreenView.swift */; };
		D930D6FB2205F9EA00052A91 /* TMMetronomeAnimationView.swift in Sources */ = {isa = PBXBuildFile; fileRef = D930D6FA2205F9EA00052A91 /* TMMetronomeAnimationView.swift */; };
		D930D6FD2205FA4700052A91 /* TMDigitNoteImages.swift in Sources */ = {isa = PBXBuildFile; fileRef = D930D6FC2205FA4700052A91 /* TMDigitNoteImages.swift */; };
		D930D6FF2205FA6E00052A91 /* Extensions.swift in Sources */ = {isa = PBXBuildFile; fileRef = D930D6FE2205FA6E00052A91 /* Extensions.swift */; };
		D930D7012205FA8300052A91 /* TMTunerView.swift in Sources */ = {isa = PBXBuildFile; fileRef = D930D7002205FA8300052A91 /* TMTunerView.swift */; };
		D930D7032205FAA800052A91 /* TMTuner.swift in Sources */ = {isa = PBXBuildFile; fileRef = D930D7022205FAA800052A91 /* TMTuner.swift */; };
		D930D7052205FAC100052A91 /* TMPitch.swift in Sources */ = {isa = PBXBuildFile; fileRef = D930D7042205FAC100052A91 /* TMPitch.swift */; };
		D930D7072205FAD000052A91 /* TMNote.swift in Sources */ = {isa = PBXBuildFile; fileRef = D930D7062205FAD000052A91 /* TMNote.swift */; };
		D930D71B2207024C00052A91 /* TMToggleView.swift in Sources */ = {isa = PBXBuildFile; fileRef = D930D71A2207024C00052A91 /* TMToggleView.swift */; };
		D934015F21CE0D5900F0D3C4 /* AppDelegate.swift in Sources */ = {isa = PBXBuildFile; fileRef = D934015E21CE0D5900F0D3C4 /* AppDelegate.swift */; };
		D934016421CE0D5900F0D3C4 /* Main.storyboard in Resources */ = {isa = PBXBuildFile; fileRef = D934016221CE0D5900F0D3C4 /* Main.storyboard */; };
		D934016621CE0D5A00F0D3C4 /* Assets.xcassets in Resources */ = {isa = PBXBuildFile; fileRef = D934016521CE0D5A00F0D3C4 /* Assets.xcassets */; };
		D934016921CE0D5A00F0D3C4 /* LaunchScreen.storyboard in Resources */ = {isa = PBXBuildFile; fileRef = D934016721CE0D5A00F0D3C4 /* LaunchScreen.storyboard */; };
		D9759F5B21DB789900D7412E /* SoundPlayer.swift in Sources */ = {isa = PBXBuildFile; fileRef = D9759F5A21DB789900D7412E /* SoundPlayer.swift */; };
		D97B4A4621D4D1F80025BE75 /* Note.swift in Sources */ = {isa = PBXBuildFile; fileRef = D97B4A4521D4D1F80025BE75 /* Note.swift */; };
		D97B4A4821D4D7250025BE75 /* NoteGenerator.swift in Sources */ = {isa = PBXBuildFile; fileRef = D97B4A4721D4D7250025BE75 /* NoteGenerator.swift */; };
		D97B4A5C21D4F1380025BE75 /* NoteGeneratorTests.swift in Sources */ = {isa = PBXBuildFile; fileRef = D97B4A5B21D4F1380025BE75 /* NoteGeneratorTests.swift */; };
		D97DE1C021DB2A060081CABE /* SightReading.swift in Sources */ = {isa = PBXBuildFile; fileRef = D97DE1BF21DB2A060081CABE /* SightReading.swift */; };
		D99FA445220EB93800D3C488 /* ReviewRequester.swift in Sources */ = {isa = PBXBuildFile; fileRef = D99FA444220EB93800D3C488 /* ReviewRequester.swift */; };
		D9CDB4EA2202EFD90043109B /* ChordProgression.swift in Sources */ = {isa = PBXBuildFile; fileRef = D9CDB4E92202EFD90043109B /* ChordProgression.swift */; };
		D9CDB4EC2202FE6F0043109B /* ChordProgressionPlayer.swift in Sources */ = {isa = PBXBuildFile; fileRef = D9CDB4EB2202FE6F0043109B /* ChordProgressionPlayer.swift */; };
		D9CDB4F02203286E0043109B /* ViewControllerWithAdMob.swift in Sources */ = {isa = PBXBuildFile; fileRef = D9CDB4EF2203286E0043109B /* ViewControllerWithAdMob.swift */; };
		D9D9154F21D1408C0087BC13 /* SightReadingViewController.swift in Sources */ = {isa = PBXBuildFile; fileRef = D9D9154E21D1408C0087BC13 /* SightReadingViewController.swift */; };
		D9D9155121D143410087BC13 /* SightSingingViewController.swift in Sources */ = {isa = PBXBuildFile; fileRef = D9D9155021D143410087BC13 /* SightSingingViewController.swift */; };
		D9D9155321D143720087BC13 /* IntervalViewController.swift in Sources */ = {isa = PBXBuildFile; fileRef = D9D9155221D143720087BC13 /* IntervalViewController.swift */; };
		D9D9155521D1438D0087BC13 /* ChordProgressionViewController.swift in Sources */ = {isa = PBXBuildFile; fileRef = D9D9155421D1438D0087BC13 /* ChordProgressionViewController.swift */; };
		D9D9155721D147730087BC13 /* MenuViewController.swift in Sources */ = {isa = PBXBuildFile; fileRef = D9D9155621D147730087BC13 /* MenuViewController.swift */; };
		D9DCEF8721F9C07A00487656 /* AudioPoller.swift in Sources */ = {isa = PBXBuildFile; fileRef = D9DCEF8621F9C07A00487656 /* AudioPoller.swift */; };
/* End PBXBuildFile section */

/* Begin PBXContainerItemProxy section */
		D97B4A5621D4F1170025BE75 /* PBXContainerItemProxy */ = {
			isa = PBXContainerItemProxy;
			containerPortal = D934015321CE0D5800F0D3C4 /* Project object */;
			proxyType = 1;
			remoteGlobalIDString = D934015A21CE0D5900F0D3C4;
			remoteInfo = MusicTraining;
		};
/* End PBXContainerItemProxy section */

/* Begin PBXFileReference section */
		5924A5350CA62AA36EFC43CE /* Pods-MusicTraining.debug.xcconfig */ = {isa = PBXFileReference; includeInIndex = 1; lastKnownFileType = text.xcconfig; name = "Pods-MusicTraining.debug.xcconfig"; path = "Pods/Target Support Files/Pods-MusicTraining/Pods-MusicTraining.debug.xcconfig"; sourceTree = "<group>"; };
		6B8D15EA9B1605F19C553A41 /* Pods-MusicTraining.release.xcconfig */ = {isa = PBXFileReference; includeInIndex = 1; lastKnownFileType = text.xcconfig; name = "Pods-MusicTraining.release.xcconfig"; path = "Pods/Target Support Files/Pods-MusicTraining/Pods-MusicTraining.release.xcconfig"; sourceTree = "<group>"; };
		877DAC459D9E6946D2F696B2 /* Pods_MusicTraining.framework */ = {isa = PBXFileReference; explicitFileType = wrapper.framework; includeInIndex = 0; path = Pods_MusicTraining.framework; sourceTree = BUILT_PRODUCTS_DIR; };
		D911952021F1DCC8008F19B0 /* AudioNoteForInterval.swift */ = {isa = PBXFileReference; lastKnownFileType = sourcecode.swift; path = AudioNoteForInterval.swift; sourceTree = "<group>"; };
		D911952221F20AC4008F19B0 /* Resources.swift */ = {isa = PBXFileReference; lastKnownFileType = sourcecode.swift; path = Resources.swift; sourceTree = "<group>"; };
		D913050D21F1BD9300AC928F /* IntervalTraining.swift */ = {isa = PBXFileReference; lastKnownFileType = sourcecode.swift; path = IntervalTraining.swift; sourceTree = "<group>"; };
		D91AFDC921FAB4A500296F8D /* AudioPollingTest.swift */ = {isa = PBXFileReference; lastKnownFileType = sourcecode.swift; path = AudioPollingTest.swift; sourceTree = "<group>"; };
		D92EF25C21F9DB21005BE9D3 /* SightSinging.swift */ = {isa = PBXFileReference; lastKnownFileType = sourcecode.swift; path = SightSinging.swift; sourceTree = "<group>"; };
		D930D6F62205F94C00052A91 /* TMViewController.swift */ = {isa = PBXFileReference; lastKnownFileType = sourcecode.swift; path = TMViewController.swift; sourceTree = "<group>"; };
		D930D6F82205F9C600052A91 /* TMSmallScreenView.swift */ = {isa = PBXFileReference; lastKnownFileType = sourcecode.swift; path = TMSmallScreenView.swift; sourceTree = "<group>"; };
		D930D6FA2205F9EA00052A91 /* TMMetronomeAnimationView.swift */ = {isa = PBXFileReference; lastKnownFileType = sourcecode.swift; path = TMMetronomeAnimationView.swift; sourceTree = "<group>"; };
		D930D6FC2205FA4700052A91 /* TMDigitNoteImages.swift */ = {isa = PBXFileReference; lastKnownFileType = sourcecode.swift; path = TMDigitNoteImages.swift; sourceTree = "<group>"; };
		D930D6FE2205FA6E00052A91 /* Extensions.swift */ = {isa = PBXFileReference; lastKnownFileType = sourcecode.swift; path = Extensions.swift; sourceTree = "<group>"; };
		D930D7002205FA8300052A91 /* TMTunerView.swift */ = {isa = PBXFileReference; lastKnownFileType = sourcecode.swift; path = TMTunerView.swift; sourceTree = "<group>"; };
		D930D7022205FAA800052A91 /* TMTuner.swift */ = {isa = PBXFileReference; lastKnownFileType = sourcecode.swift; path = TMTuner.swift; sourceTree = "<group>"; };
		D930D7042205FAC100052A91 /* TMPitch.swift */ = {isa = PBXFileReference; lastKnownFileType = sourcecode.swift; path = TMPitch.swift; sourceTree = "<group>"; };
		D930D7062205FAD000052A91 /* TMNote.swift */ = {isa = PBXFileReference; lastKnownFileType = sourcecode.swift; path = TMNote.swift; sourceTree = "<group>"; };
		D930D71A2207024C00052A91 /* TMToggleView.swift */ = {isa = PBXFileReference; lastKnownFileType = sourcecode.swift; path = TMToggleView.swift; sourceTree = "<group>"; };
		D934015B21CE0D5900F0D3C4 /* MusicTraining.app */ = {isa = PBXFileReference; explicitFileType = wrapper.application; includeInIndex = 0; path = MusicTraining.app; sourceTree = BUILT_PRODUCTS_DIR; };
		D934015E21CE0D5900F0D3C4 /* AppDelegate.swift */ = {isa = PBXFileReference; lastKnownFileType = sourcecode.swift; path = AppDelegate.swift; sourceTree = "<group>"; };
		D934016321CE0D5900F0D3C4 /* Base */ = {isa = PBXFileReference; lastKnownFileType = file.storyboard; name = Base; path = Base.lproj/Main.storyboard; sourceTree = "<group>"; };
		D934016521CE0D5A00F0D3C4 /* Assets.xcassets */ = {isa = PBXFileReference; lastKnownFileType = folder.assetcatalog; path = Assets.xcassets; sourceTree = "<group>"; };
		D934016821CE0D5A00F0D3C4 /* Base */ = {isa = PBXFileReference; lastKnownFileType = file.storyboard; name = Base; path = Base.lproj/LaunchScreen.storyboard; sourceTree = "<group>"; };
		D934016A21CE0D5A00F0D3C4 /* Info.plist */ = {isa = PBXFileReference; lastKnownFileType = text.plist.xml; path = Info.plist; sourceTree = "<group>"; };
		D9759F5A21DB789900D7412E /* SoundPlayer.swift */ = {isa = PBXFileReference; lastKnownFileType = sourcecode.swift; path = SoundPlayer.swift; sourceTree = "<group>"; };
		D97B4A4521D4D1F80025BE75 /* Note.swift */ = {isa = PBXFileReference; lastKnownFileType = sourcecode.swift; path = Note.swift; sourceTree = "<group>"; };
		D97B4A4721D4D7250025BE75 /* NoteGenerator.swift */ = {isa = PBXFileReference; lastKnownFileType = sourcecode.swift; path = NoteGenerator.swift; sourceTree = "<group>"; };
		D97B4A5121D4F1170025BE75 /* MusicTrainingTests.xctest */ = {isa = PBXFileReference; explicitFileType = wrapper.cfbundle; includeInIndex = 0; path = MusicTrainingTests.xctest; sourceTree = BUILT_PRODUCTS_DIR; };
		D97B4A5521D4F1170025BE75 /* Info.plist */ = {isa = PBXFileReference; lastKnownFileType = text.plist.xml; path = Info.plist; sourceTree = "<group>"; };
		D97B4A5B21D4F1380025BE75 /* NoteGeneratorTests.swift */ = {isa = PBXFileReference; lastKnownFileType = sourcecode.swift; path = NoteGeneratorTests.swift; sourceTree = "<group>"; };
		D97DE1BF21DB2A060081CABE /* SightReading.swift */ = {isa = PBXFileReference; lastKnownFileType = sourcecode.swift; path = SightReading.swift; sourceTree = "<group>"; };
		D99FA444220EB93800D3C488 /* ReviewRequester.swift */ = {isa = PBXFileReference; lastKnownFileType = sourcecode.swift; path = ReviewRequester.swift; sourceTree = "<group>"; };
		D9CDB4E92202EFD90043109B /* ChordProgression.swift */ = {isa = PBXFileReference; lastKnownFileType = sourcecode.swift; path = ChordProgression.swift; sourceTree = "<group>"; };
		D9CDB4EB2202FE6F0043109B /* ChordProgressionPlayer.swift */ = {isa = PBXFileReference; lastKnownFileType = sourcecode.swift; path = ChordProgressionPlayer.swift; sourceTree = "<group>"; };
		D9CDB4EF2203286E0043109B /* ViewControllerWithAdMob.swift */ = {isa = PBXFileReference; lastKnownFileType = sourcecode.swift; path = ViewControllerWithAdMob.swift; sourceTree = "<group>"; };
		D9D9154E21D1408C0087BC13 /* SightReadingViewController.swift */ = {isa = PBXFileReference; lastKnownFileType = sourcecode.swift; path = SightReadingViewController.swift; sourceTree = "<group>"; };
		D9D9155021D143410087BC13 /* SightSingingViewController.swift */ = {isa = PBXFileReference; lastKnownFileType = sourcecode.swift; path = SightSingingViewController.swift; sourceTree = "<group>"; };
		D9D9155221D143720087BC13 /* IntervalViewController.swift */ = {isa = PBXFileReference; lastKnownFileType = sourcecode.swift; path = IntervalViewController.swift; sourceTree = "<group>"; };
		D9D9155421D1438D0087BC13 /* ChordProgressionViewController.swift */ = {isa = PBXFileReference; lastKnownFileType = sourcecode.swift; path = ChordProgressionViewController.swift; sourceTree = "<group>"; };
		D9D9155621D147730087BC13 /* MenuViewController.swift */ = {isa = PBXFileReference; lastKnownFileType = sourcecode.swift; path = MenuViewController.swift; sourceTree = "<group>"; };
		D9DCEF8621F9C07A00487656 /* AudioPoller.swift */ = {isa = PBXFileReference; lastKnownFileType = sourcecode.swift; path = AudioPoller.swift; sourceTree = "<group>"; };
/* End PBXFileReference section */

/* Begin PBXFrameworksBuildPhase section */
		D934015821CE0D5900F0D3C4 /* Frameworks */ = {
			isa = PBXFrameworksBuildPhase;
			buildActionMask = 2147483647;
			files = (
				68728513A2EA9856B183AA0E /* Pods_MusicTraining.framework in Frameworks */,
			);
			runOnlyForDeploymentPostprocessing = 0;
		};
		D97B4A4E21D4F1170025BE75 /* Frameworks */ = {
			isa = PBXFrameworksBuildPhase;
			buildActionMask = 2147483647;
			files = (
			);
			runOnlyForDeploymentPostprocessing = 0;
		};
/* End PBXFrameworksBuildPhase section */

/* Begin PBXGroup section */
		761086E4D20565EFDD575ED2 /* Pods */ = {
			isa = PBXGroup;
			children = (
				5924A5350CA62AA36EFC43CE /* Pods-MusicTraining.debug.xcconfig */,
				6B8D15EA9B1605F19C553A41 /* Pods-MusicTraining.release.xcconfig */,
			);
			name = Pods;
			sourceTree = "<group>";
		};
		D930D6F32205F8FA00052A91 /* Tuner Metronome */ = {
			isa = PBXGroup;
			children = (
				D930D6F62205F94C00052A91 /* TMViewController.swift */,
				D930D6F82205F9C600052A91 /* TMSmallScreenView.swift */,
				D930D6FA2205F9EA00052A91 /* TMMetronomeAnimationView.swift */,
				D930D6FC2205FA4700052A91 /* TMDigitNoteImages.swift */,
				D930D6FE2205FA6E00052A91 /* Extensions.swift */,
				D930D7002205FA8300052A91 /* TMTunerView.swift */,
				D930D7022205FAA800052A91 /* TMTuner.swift */,
				D930D7042205FAC100052A91 /* TMPitch.swift */,
				D930D7062205FAD000052A91 /* TMNote.swift */,
				D930D71A2207024C00052A91 /* TMToggleView.swift */,
			);
			path = "Tuner Metronome";
			sourceTree = "<group>";
		};
		D930D7082206DF8500052A91 /* Utility */ = {
			isa = PBXGroup;
			children = (
				D9759F5A21DB789900D7412E /* SoundPlayer.swift */,
				D911952221F20AC4008F19B0 /* Resources.swift */,
				D9DCEF8621F9C07A00487656 /* AudioPoller.swift */,
				D9CDB4EB2202FE6F0043109B /* ChordProgressionPlayer.swift */,
				D9CDB4EF2203286E0043109B /* ViewControllerWithAdMob.swift */,
				D99FA444220EB93800D3C488 /* ReviewRequester.swift */,
			);
			path = Utility;
			sourceTree = "<group>";
		};
		D930D7092206DF9C00052A91 /* Sight Reading */ = {
			isa = PBXGroup;
			children = (
				D9D9154E21D1408C0087BC13 /* SightReadingViewController.swift */,
				D97DE1BF21DB2A060081CABE /* SightReading.swift */,
			);
			path = "Sight Reading";
			sourceTree = "<group>";
		};
		D930D70A2206DFA800052A91 /* Sight Singing */ = {
			isa = PBXGroup;
			children = (
				D9D9155021D143410087BC13 /* SightSingingViewController.swift */,
				D92EF25C21F9DB21005BE9D3 /* SightSinging.swift */,
			);
			path = "Sight Singing";
			sourceTree = "<group>";
		};
		D930D70B2206DFB000052A91 /* Chord Progression */ = {
			isa = PBXGroup;
			children = (
				D9D9155421D1438D0087BC13 /* ChordProgressionViewController.swift */,
				D9CDB4E92202EFD90043109B /* ChordProgression.swift */,
			);
			path = "Chord Progression";
			sourceTree = "<group>";
		};
		D930D70C2206DFB700052A91 /* Interval */ = {
			isa = PBXGroup;
			children = (
				D911952021F1DCC8008F19B0 /* AudioNoteForInterval.swift */,
				D9D9155221D143720087BC13 /* IntervalViewController.swift */,
				D913050D21F1BD9300AC928F /* IntervalTraining.swift */,
			);
			path = Interval;
			sourceTree = "<group>";
		};
		D934015221CE0D5800F0D3C4 = {
			isa = PBXGroup;
			children = (
				D934015D21CE0D5900F0D3C4 /* MusicTraining */,
				D97B4A5221D4F1170025BE75 /* MusicTrainingTests */,
				D934015C21CE0D5900F0D3C4 /* Products */,
				761086E4D20565EFDD575ED2 /* Pods */,
				EF5D667C844601FDEF2FE9FC /* Frameworks */,
			);
			sourceTree = "<group>";
		};
		D934015C21CE0D5900F0D3C4 /* Products */ = {
			isa = PBXGroup;
			children = (
				D934015B21CE0D5900F0D3C4 /* MusicTraining.app */,
				D97B4A5121D4F1170025BE75 /* MusicTrainingTests.xctest */,
			);
			name = Products;
			sourceTree = "<group>";
		};
		D934015D21CE0D5900F0D3C4 /* MusicTraining */ = {
			isa = PBXGroup;
			children = (
				D930D70C2206DFB700052A91 /* Interval */,
				D930D70B2206DFB000052A91 /* Chord Progression */,
				D930D70A2206DFA800052A91 /* Sight Singing */,
				D930D7092206DF9C00052A91 /* Sight Reading */,
				D930D7082206DF8500052A91 /* Utility */,
				D930D6F32205F8FA00052A91 /* Tuner Metronome */,
				D97B4A4421D4D1EA0025BE75 /* General Models */,
				D934015E21CE0D5900F0D3C4 /* AppDelegate.swift */,
				D9D9155621D147730087BC13 /* MenuViewController.swift */,
				D934016221CE0D5900F0D3C4 /* Main.storyboard */,
				D934016521CE0D5A00F0D3C4 /* Assets.xcassets */,
				D934016721CE0D5A00F0D3C4 /* LaunchScreen.storyboard */,
				D934016A21CE0D5A00F0D3C4 /* Info.plist */,
			);
			path = MusicTraining;
			sourceTree = "<group>";
		};
		D97B4A4421D4D1EA0025BE75 /* General Models */ = {
			isa = PBXGroup;
			children = (
				D97B4A4521D4D1F80025BE75 /* Note.swift */,
				D97B4A4721D4D7250025BE75 /* NoteGenerator.swift */,
			);
			path = "General Models";
			sourceTree = "<group>";
		};
		D97B4A5221D4F1170025BE75 /* MusicTrainingTests */ = {
			isa = PBXGroup;
			children = (
				D91AFDC921FAB4A500296F8D /* AudioPollingTest.swift */,
				D97B4A5B21D4F1380025BE75 /* NoteGeneratorTests.swift */,
				D97B4A5521D4F1170025BE75 /* Info.plist */,
			);
			path = MusicTrainingTests;
			sourceTree = "<group>";
		};
		EF5D667C844601FDEF2FE9FC /* Frameworks */ = {
			isa = PBXGroup;
			children = (
				877DAC459D9E6946D2F696B2 /* Pods_MusicTraining.framework */,
			);
			name = Frameworks;
			sourceTree = "<group>";
		};
/* End PBXGroup section */

/* Begin PBXNativeTarget section */
		D934015A21CE0D5900F0D3C4 /* MusicTraining */ = {
			isa = PBXNativeTarget;
			buildConfigurationList = D934016D21CE0D5A00F0D3C4 /* Build configuration list for PBXNativeTarget "MusicTraining" */;
			buildPhases = (
				51E39CDC73A6AC2F18F8A0E6 /* [CP] Check Pods Manifest.lock */,
				D934015721CE0D5900F0D3C4 /* Sources */,
				D934015821CE0D5900F0D3C4 /* Frameworks */,
				D934015921CE0D5900F0D3C4 /* Resources */,
			);
			buildRules = (
			);
			dependencies = (
			);
			name = MusicTraining;
			productName = MusicTraining;
			productReference = D934015B21CE0D5900F0D3C4 /* MusicTraining.app */;
			productType = "com.apple.product-type.application";
		};
		D97B4A5021D4F1170025BE75 /* MusicTrainingTests */ = {
			isa = PBXNativeTarget;
			buildConfigurationList = D97B4A5821D4F1170025BE75 /* Build configuration list for PBXNativeTarget "MusicTrainingTests" */;
			buildPhases = (
				D97B4A4D21D4F1170025BE75 /* Sources */,
				D97B4A4E21D4F1170025BE75 /* Frameworks */,
				D97B4A4F21D4F1170025BE75 /* Resources */,
			);
			buildRules = (
			);
			dependencies = (
				D97B4A5721D4F1170025BE75 /* PBXTargetDependency */,
			);
			name = MusicTrainingTests;
			productName = MusicTrainingTests;
			productReference = D97B4A5121D4F1170025BE75 /* MusicTrainingTests.xctest */;
			productType = "com.apple.product-type.bundle.unit-test";
		};
/* End PBXNativeTarget section */

/* Begin PBXProject section */
		D934015321CE0D5800F0D3C4 /* Project object */ = {
			isa = PBXProject;
			attributes = {
				LastSwiftUpdateCheck = 1010;
				LastUpgradeCheck = 1010;
				ORGANIZATIONNAME = ShinerightStudio;
				TargetAttributes = {
					D934015A21CE0D5900F0D3C4 = {
						CreatedOnToolsVersion = 10.1;
					};
					D97B4A5021D4F1170025BE75 = {
						CreatedOnToolsVersion = 10.1;
						LastSwiftMigration = 1030;
						TestTargetID = D934015A21CE0D5900F0D3C4;
					};
				};
			};
			buildConfigurationList = D934015621CE0D5800F0D3C4 /* Build configuration list for PBXProject "MusicTraining" */;
			compatibilityVersion = "Xcode 9.3";
			developmentRegion = en;
			hasScannedForEncodings = 0;
			knownRegions = (
				en,
				Base,
			);
			mainGroup = D934015221CE0D5800F0D3C4;
			productRefGroup = D934015C21CE0D5900F0D3C4 /* Products */;
			projectDirPath = "";
			projectRoot = "";
			targets = (
				D934015A21CE0D5900F0D3C4 /* MusicTraining */,
				D97B4A5021D4F1170025BE75 /* MusicTrainingTests */,
			);
		};
/* End PBXProject section */

/* Begin PBXResourcesBuildPhase section */
		D934015921CE0D5900F0D3C4 /* Resources */ = {
			isa = PBXResourcesBuildPhase;
			buildActionMask = 2147483647;
			files = (
				D934016921CE0D5A00F0D3C4 /* LaunchScreen.storyboard in Resources */,
				D934016621CE0D5A00F0D3C4 /* Assets.xcassets in Resources */,
				D934016421CE0D5900F0D3C4 /* Main.storyboard in Resources */,
			);
			runOnlyForDeploymentPostprocessing = 0;
		};
		D97B4A4F21D4F1170025BE75 /* Resources */ = {
			isa = PBXResourcesBuildPhase;
			buildActionMask = 2147483647;
			files = (
			);
			runOnlyForDeploymentPostprocessing = 0;
		};
/* End PBXResourcesBuildPhase section */

/* Begin PBXShellScriptBuildPhase section */
		51E39CDC73A6AC2F18F8A0E6 /* [CP] Check Pods Manifest.lock */ = {
			isa = PBXShellScriptBuildPhase;
			buildActionMask = 2147483647;
			files = (
			);
			inputPaths = (
				"${PODS_PODFILE_DIR_PATH}/Podfile.lock",
				"${PODS_ROOT}/Manifest.lock",
			);
			name = "[CP] Check Pods Manifest.lock";
			outputPaths = (
				"$(DERIVED_FILE_DIR)/Pods-MusicTraining-checkManifestLockResult.txt",
			);
			runOnlyForDeploymentPostprocessing = 0;
			shellPath = /bin/sh;
			shellScript = "diff \"${PODS_PODFILE_DIR_PATH}/Podfile.lock\" \"${PODS_ROOT}/Manifest.lock\" > /dev/null\nif [ $? != 0 ] ; then\n    # print error to STDERR\n    echo \"error: The sandbox is not in sync with the Podfile.lock. Run 'pod install' or update your CocoaPods installation.\" >&2\n    exit 1\nfi\n# This output is used by Xcode 'outputs' to avoid re-running this script phase.\necho \"SUCCESS\" > \"${SCRIPT_OUTPUT_FILE_0}\"\n";
			showEnvVarsInLog = 0;
		};
/* End PBXShellScriptBuildPhase section */

/* Begin PBXSourcesBuildPhase section */
		D934015721CE0D5900F0D3C4 /* Sources */ = {
			isa = PBXSourcesBuildPhase;
			buildActionMask = 2147483647;
			files = (
				D9CDB4EC2202FE6F0043109B /* ChordProgressionPlayer.swift in Sources */,
				D9DCEF8721F9C07A00487656 /* AudioPoller.swift in Sources */,
				D930D6FF2205FA6E00052A91 /* Extensions.swift in Sources */,
				D9D9154F21D1408C0087BC13 /* SightReadingViewController.swift in Sources */,
				D9D9155721D147730087BC13 /* MenuViewController.swift in Sources */,
				D9759F5B21DB789900D7412E /* SoundPlayer.swift in Sources */,
				D9D9155521D1438D0087BC13 /* ChordProgressionViewController.swift in Sources */,
				D97B4A4621D4D1F80025BE75 /* Note.swift in Sources */,
				D913050E21F1BD9300AC928F /* IntervalTraining.swift in Sources */,
				D930D7032205FAA800052A91 /* TMTuner.swift in Sources */,
				D930D6FD2205FA4700052A91 /* TMDigitNoteImages.swift in Sources */,
				D934015F21CE0D5900F0D3C4 /* AppDelegate.swift in Sources */,
				D930D6F72205F94C00052A91 /* TMViewController.swift in Sources */,
				D911952121F1DCC8008F19B0 /* AudioNoteForInterval.swift in Sources */,
				D930D7072205FAD000052A91 /* TMNote.swift in Sources */,
				D930D6FB2205F9EA00052A91 /* TMMetronomeAnimationView.swift in Sources */,
				D97DE1C021DB2A060081CABE /* SightReading.swift in Sources */,
				D911952321F20AC4008F19B0 /* Resources.swift in Sources */,
				D97B4A4821D4D7250025BE75 /* NoteGenerator.swift in Sources */,
				D930D7012205FA8300052A91 /* TMTunerView.swift in Sources */,
				D930D6F92205F9C600052A91 /* TMSmallScreenView.swift in Sources */,
				D99FA445220EB93800D3C488 /* ReviewRequester.swift in Sources */,
				D9CDB4EA2202EFD90043109B /* ChordProgression.swift in Sources */,
				D9D9155121D143410087BC13 /* SightSingingViewController.swift in Sources */,
				D930D7052205FAC100052A91 /* TMPitch.swift in Sources */,
				D930D71B2207024C00052A91 /* TMToggleView.swift in Sources */,
				D92EF25D21F9DB21005BE9D3 /* SightSinging.swift in Sources */,
				D9D9155321D143720087BC13 /* IntervalViewController.swift in Sources */,
				D9CDB4F02203286E0043109B /* ViewControllerWithAdMob.swift in Sources */,
			);
			runOnlyForDeploymentPostprocessing = 0;
		};
		D97B4A4D21D4F1170025BE75 /* Sources */ = {
			isa = PBXSourcesBuildPhase;
			buildActionMask = 2147483647;
			files = (
				D91AFDCA21FAB4A500296F8D /* AudioPollingTest.swift in Sources */,
				D97B4A5C21D4F1380025BE75 /* NoteGeneratorTests.swift in Sources */,
			);
			runOnlyForDeploymentPostprocessing = 0;
		};
/* End PBXSourcesBuildPhase section */

/* Begin PBXTargetDependency section */
		D97B4A5721D4F1170025BE75 /* PBXTargetDependency */ = {
			isa = PBXTargetDependency;
			target = D934015A21CE0D5900F0D3C4 /* MusicTraining */;
			targetProxy = D97B4A5621D4F1170025BE75 /* PBXContainerItemProxy */;
		};
/* End PBXTargetDependency section */

/* Begin PBXVariantGroup section */
		D934016221CE0D5900F0D3C4 /* Main.storyboard */ = {
			isa = PBXVariantGroup;
			children = (
				D934016321CE0D5900F0D3C4 /* Base */,
			);
			name = Main.storyboard;
			sourceTree = "<group>";
		};
		D934016721CE0D5A00F0D3C4 /* LaunchScreen.storyboard */ = {
			isa = PBXVariantGroup;
			children = (
				D934016821CE0D5A00F0D3C4 /* Base */,
			);
			name = LaunchScreen.storyboard;
			sourceTree = "<group>";
		};
/* End PBXVariantGroup section */

/* Begin XCBuildConfiguration section */
		D934016B21CE0D5A00F0D3C4 /* Debug */ = {
			isa = XCBuildConfiguration;
			buildSettings = {
				ALWAYS_SEARCH_USER_PATHS = NO;
				CLANG_ANALYZER_NONNULL = YES;
				CLANG_ANALYZER_NUMBER_OBJECT_CONVERSION = YES_AGGRESSIVE;
				CLANG_CXX_LANGUAGE_STANDARD = "gnu++14";
				CLANG_CXX_LIBRARY = "libc++";
				CLANG_ENABLE_MODULES = YES;
				CLANG_ENABLE_OBJC_ARC = YES;
				CLANG_ENABLE_OBJC_WEAK = YES;
				CLANG_WARN_BLOCK_CAPTURE_AUTORELEASING = YES;
				CLANG_WARN_BOOL_CONVERSION = YES;
				CLANG_WARN_COMMA = YES;
				CLANG_WARN_CONSTANT_CONVERSION = YES;
				CLANG_WARN_DEPRECATED_OBJC_IMPLEMENTATIONS = YES;
				CLANG_WARN_DIRECT_OBJC_ISA_USAGE = YES_ERROR;
				CLANG_WARN_DOCUMENTATION_COMMENTS = YES;
				CLANG_WARN_EMPTY_BODY = YES;
				CLANG_WARN_ENUM_CONVERSION = YES;
				CLANG_WARN_INFINITE_RECURSION = YES;
				CLANG_WARN_INT_CONVERSION = YES;
				CLANG_WARN_NON_LITERAL_NULL_CONVERSION = YES;
				CLANG_WARN_OBJC_IMPLICIT_RETAIN_SELF = YES;
				CLANG_WARN_OBJC_LITERAL_CONVERSION = YES;
				CLANG_WARN_OBJC_ROOT_CLASS = YES_ERROR;
				CLANG_WARN_RANGE_LOOP_ANALYSIS = YES;
				CLANG_WARN_STRICT_PROTOTYPES = YES;
				CLANG_WARN_SUSPICIOUS_MOVE = YES;
				CLANG_WARN_UNGUARDED_AVAILABILITY = YES_AGGRESSIVE;
				CLANG_WARN_UNREACHABLE_CODE = YES;
				CLANG_WARN__DUPLICATE_METHOD_MATCH = YES;
				CODE_SIGN_IDENTITY = "iPhone Developer";
				COPY_PHASE_STRIP = NO;
				DEBUG_INFORMATION_FORMAT = dwarf;
				ENABLE_STRICT_OBJC_MSGSEND = YES;
				ENABLE_TESTABILITY = YES;
				GCC_C_LANGUAGE_STANDARD = gnu11;
				GCC_DYNAMIC_NO_PIC = NO;
				GCC_NO_COMMON_BLOCKS = YES;
				GCC_OPTIMIZATION_LEVEL = 0;
				GCC_PREPROCESSOR_DEFINITIONS = (
					"DEBUG=1",
					"$(inherited)",
				);
				GCC_WARN_64_TO_32_BIT_CONVERSION = YES;
				GCC_WARN_ABOUT_RETURN_TYPE = YES_ERROR;
				GCC_WARN_UNDECLARED_SELECTOR = YES;
				GCC_WARN_UNINITIALIZED_AUTOS = YES_AGGRESSIVE;
				GCC_WARN_UNUSED_FUNCTION = YES;
				GCC_WARN_UNUSED_VARIABLE = YES;
				IPHONEOS_DEPLOYMENT_TARGET = 12.1;
				MTL_ENABLE_DEBUG_INFO = INCLUDE_SOURCE;
				MTL_FAST_MATH = YES;
				ONLY_ACTIVE_ARCH = YES;
				SDKROOT = iphoneos;
				SWIFT_ACTIVE_COMPILATION_CONDITIONS = DEBUG;
				SWIFT_OPTIMIZATION_LEVEL = "-Onone";
			};
			name = Debug;
		};
		D934016C21CE0D5A00F0D3C4 /* Release */ = {
			isa = XCBuildConfiguration;
			buildSettings = {
				ALWAYS_SEARCH_USER_PATHS = NO;
				CLANG_ANALYZER_NONNULL = YES;
				CLANG_ANALYZER_NUMBER_OBJECT_CONVERSION = YES_AGGRESSIVE;
				CLANG_CXX_LANGUAGE_STANDARD = "gnu++14";
				CLANG_CXX_LIBRARY = "libc++";
				CLANG_ENABLE_MODULES = YES;
				CLANG_ENABLE_OBJC_ARC = YES;
				CLANG_ENABLE_OBJC_WEAK = YES;
				CLANG_WARN_BLOCK_CAPTURE_AUTORELEASING = YES;
				CLANG_WARN_BOOL_CONVERSION = YES;
				CLANG_WARN_COMMA = YES;
				CLANG_WARN_CONSTANT_CONVERSION = YES;
				CLANG_WARN_DEPRECATED_OBJC_IMPLEMENTATIONS = YES;
				CLANG_WARN_DIRECT_OBJC_ISA_USAGE = YES_ERROR;
				CLANG_WARN_DOCUMENTATION_COMMENTS = YES;
				CLANG_WARN_EMPTY_BODY = YES;
				CLANG_WARN_ENUM_CONVERSION = YES;
				CLANG_WARN_INFINITE_RECURSION = YES;
				CLANG_WARN_INT_CONVERSION = YES;
				CLANG_WARN_NON_LITERAL_NULL_CONVERSION = YES;
				CLANG_WARN_OBJC_IMPLICIT_RETAIN_SELF = YES;
				CLANG_WARN_OBJC_LITERAL_CONVERSION = YES;
				CLANG_WARN_OBJC_ROOT_CLASS = YES_ERROR;
				CLANG_WARN_RANGE_LOOP_ANALYSIS = YES;
				CLANG_WARN_STRICT_PROTOTYPES = YES;
				CLANG_WARN_SUSPICIOUS_MOVE = YES;
				CLANG_WARN_UNGUARDED_AVAILABILITY = YES_AGGRESSIVE;
				CLANG_WARN_UNREACHABLE_CODE = YES;
				CLANG_WARN__DUPLICATE_METHOD_MATCH = YES;
				CODE_SIGN_IDENTITY = "iPhone Developer";
				COPY_PHASE_STRIP = NO;
				DEBUG_INFORMATION_FORMAT = "dwarf-with-dsym";
				ENABLE_NS_ASSERTIONS = NO;
				ENABLE_STRICT_OBJC_MSGSEND = YES;
				GCC_C_LANGUAGE_STANDARD = gnu11;
				GCC_NO_COMMON_BLOCKS = YES;
				GCC_WARN_64_TO_32_BIT_CONVERSION = YES;
				GCC_WARN_ABOUT_RETURN_TYPE = YES_ERROR;
				GCC_WARN_UNDECLARED_SELECTOR = YES;
				GCC_WARN_UNINITIALIZED_AUTOS = YES_AGGRESSIVE;
				GCC_WARN_UNUSED_FUNCTION = YES;
				GCC_WARN_UNUSED_VARIABLE = YES;
				IPHONEOS_DEPLOYMENT_TARGET = 12.1;
				MTL_ENABLE_DEBUG_INFO = NO;
				MTL_FAST_MATH = YES;
				SDKROOT = iphoneos;
				SWIFT_COMPILATION_MODE = wholemodule;
				SWIFT_OPTIMIZATION_LEVEL = "-O";
				VALIDATE_PRODUCT = YES;
			};
			name = Release;
		};
		D934016E21CE0D5A00F0D3C4 /* Debug */ = {
			isa = XCBuildConfiguration;
			baseConfigurationReference = 5924A5350CA62AA36EFC43CE /* Pods-MusicTraining.debug.xcconfig */;
			buildSettings = {
				ASSETCATALOG_COMPILER_APPICON_NAME = AppIcon;
				CODE_SIGN_STYLE = Automatic;
				DEVELOPMENT_TEAM = YUWPSE2UN9;
				INFOPLIST_FILE = MusicTraining/Info.plist;
				LD_RUNPATH_SEARCH_PATHS = (
					"$(inherited)",
					"@executable_path/Frameworks",
				);
				PRODUCT_BUNDLE_IDENTIFIER = com.shinerightstudio.tunermetronome;
				PRODUCT_NAME = "$(TARGET_NAME)";
				SWIFT_VERSION = 5.0;
				TARGETED_DEVICE_FAMILY = "1,2";
			};
			name = Debug;
		};
		D934016F21CE0D5A00F0D3C4 /* Release */ = {
			isa = XCBuildConfiguration;
			baseConfigurationReference = 6B8D15EA9B1605F19C553A41 /* Pods-MusicTraining.release.xcconfig */;
			buildSettings = {
				ASSETCATALOG_COMPILER_APPICON_NAME = AppIcon;
				CODE_SIGN_STYLE = Automatic;
				DEVELOPMENT_TEAM = YUWPSE2UN9;
				INFOPLIST_FILE = MusicTraining/Info.plist;
				LD_RUNPATH_SEARCH_PATHS = (
					"$(inherited)",
					"@executable_path/Frameworks",
				);
				PRODUCT_BUNDLE_IDENTIFIER = com.shinerightstudio.tunermetronome;
				PRODUCT_NAME = "$(TARGET_NAME)";
				SWIFT_VERSION = 5.0;
				TARGETED_DEVICE_FAMILY = "1,2";
			};
			name = Release;
		};
		D97B4A5921D4F1170025BE75 /* Debug */ = {
			isa = XCBuildConfiguration;
			buildSettings = {
				BUNDLE_LOADER = "$(TEST_HOST)";
				CODE_SIGN_STYLE = Automatic;
				DEVELOPMENT_TEAM = YUWPSE2UN9;
				INFOPLIST_FILE = MusicTrainingTests/Info.plist;
				LD_RUNPATH_SEARCH_PATHS = (
					"$(inherited)",
					"@executable_path/Frameworks",
					"@loader_path/Frameworks",
				);
				PRODUCT_BUNDLE_IDENTIFIER = shinerightstudio.MusicTrainingTests;
				PRODUCT_NAME = "$(TARGET_NAME)";
				SWIFT_VERSION = 5.0;
				TARGETED_DEVICE_FAMILY = "1,2";
				TEST_HOST = "$(BUILT_PRODUCTS_DIR)/MusicTraining.app/MusicTraining";
			};
			name = Debug;
		};
		D97B4A5A21D4F1170025BE75 /* Release */ = {
			isa = XCBuildConfiguration;
			buildSettings = {
				BUNDLE_LOADER = "$(TEST_HOST)";
				CODE_SIGN_STYLE = Automatic;
				DEVELOPMENT_TEAM = YUWPSE2UN9;
				INFOPLIST_FILE = MusicTrainingTests/Info.plist;
				LD_RUNPATH_SEARCH_PATHS = (
					"$(inherited)",
					"@executable_path/Frameworks",
					"@loader_path/Frameworks",
				);
				PRODUCT_BUNDLE_IDENTIFIER = shinerightstudio.MusicTrainingTests;
				PRODUCT_NAME = "$(TARGET_NAME)";
				SWIFT_VERSION = 5.0;
				TARGETED_DEVICE_FAMILY = "1,2";
				TEST_HOST = "$(BUILT_PRODUCTS_DIR)/MusicTraining.app/MusicTraining";
			};
			name = Release;
		};
/* End XCBuildConfiguration section */

/* Begin XCConfigurationList section */
		D934015621CE0D5800F0D3C4 /* Build configuration list for PBXProject "MusicTraining" */ = {
			isa = XCConfigurationList;
			buildConfigurations = (
				D934016B21CE0D5A00F0D3C4 /* Debug */,
				D934016C21CE0D5A00F0D3C4 /* Release */,
			);
			defaultConfigurationIsVisible = 0;
			defaultConfigurationName = Release;
		};
		D934016D21CE0D5A00F0D3C4 /* Build configuration list for PBXNativeTarget "MusicTraining" */ = {
			isa = XCConfigurationList;
			buildConfigurations = (
				D934016E21CE0D5A00F0D3C4 /* Debug */,
				D934016F21CE0D5A00F0D3C4 /* Release */,
			);
			defaultConfigurationIsVisible = 0;
			defaultConfigurationName = Release;
		};
		D97B4A5821D4F1170025BE75 /* Build configuration list for PBXNativeTarget "MusicTrainingTests" */ = {
			isa = XCConfigurationList;
			buildConfigurations = (
				D97B4A5921D4F1170025BE75 /* Debug */,
				D97B4A5A21D4F1170025BE75 /* Release */,
			);
			defaultConfigurationIsVisible = 0;
			defaultConfigurationName = Release;
		};
/* End XCConfigurationList section */
	};
	rootObject = D934015321CE0D5800F0D3C4 /* Project object */;
}
